
Microsoft Visual Studio Solution File, Format Version 12.00
# Visual Studio Version 17
VisualStudioVersion = 17.4.33205.214
MinimumVisualStudioVersion = 10.0.40219.1
Project("{9A19103F-16F7-4668-BE54-9A1E7A4F7556}") = "Counter", "Counter\Counter.csproj", "{CCFD6E81-62B4-43D6-92B4-CBE62F71FBFB}"
EndProject
Project("{9A19103F-16F7-4668-BE54-9A1E7A4F7556}") = "TemperatureConverter", "TemperatureConverter\TemperatureConverter.csproj", "{B04DB7BF-B722-4E08-9E38-7F580F5D53A7}"
EndProject
Project("{9A19103F-16F7-4668-BE54-9A1E7A4F7556}") = "FlightBooker", "FlightBooker\FlightBooker.csproj", "{A829D9A1-5FFE-4179-A3F3-9468546CC548}"
EndProject
Project("{9A19103F-16F7-4668-BE54-9A1E7A4F7556}") = "Timer", "Timer\Timer.csproj", "{60E52058-21C2-44E9-B024-6EEBFE8F7C50}"
EndProject
Project("{9A19103F-16F7-4668-BE54-9A1E7A4F7556}") = "CRUD", "CRUD\CRUD.csproj", "{A5D3156F-574E-4BAA-8BF6-237F82DB8AED}"
EndProject
Global
	GlobalSection(SolutionConfigurationPlatforms) = preSolution
		Debug|Any CPU = Debug|Any CPU
		Release|Any CPU = Release|Any CPU
	EndGlobalSection
	GlobalSection(ProjectConfigurationPlatforms) = postSolution
		{CCFD6E81-62B4-43D6-92B4-CBE62F71FBFB}.Debug|Any CPU.ActiveCfg = Debug|Any CPU
		{CCFD6E81-62B4-43D6-92B4-CBE62F71FBFB}.Debug|Any CPU.Build.0 = Debug|Any CPU
		{CCFD6E81-62B4-43D6-92B4-CBE62F71FBFB}.Release|Any CPU.ActiveCfg = Release|Any CPU
		{CCFD6E81-62B4-43D6-92B4-CBE62F71FBFB}.Release|Any CPU.Build.0 = Release|Any CPU
		{B04DB7BF-B722-4E08-9E38-7F580F5D53A7}.Debug|Any CPU.ActiveCfg = Debug|Any CPU
		{B04DB7BF-B722-4E08-9E38-7F580F5D53A7}.Debug|Any CPU.Build.0 = Debug|Any CPU
		{B04DB7BF-B722-4E08-9E38-7F580F5D53A7}.Release|Any CPU.ActiveCfg = Release|Any CPU
		{B04DB7BF-B722-4E08-9E38-7F580F5D53A7}.Release|Any CPU.Build.0 = Release|Any CPU
		{A829D9A1-5FFE-4179-A3F3-9468546CC548}.Debug|Any CPU.ActiveCfg = Debug|Any CPU
		{A829D9A1-5FFE-4179-A3F3-9468546CC548}.Debug|Any CPU.Build.0 = Debug|Any CPU
		{A829D9A1-5FFE-4179-A3F3-9468546CC548}.Release|Any CPU.ActiveCfg = Release|Any CPU
		{A829D9A1-5FFE-4179-A3F3-9468546CC548}.Release|Any CPU.Build.0 = Release|Any CPU
		{60E52058-21C2-44E9-B024-6EEBFE8F7C50}.Debug|Any CPU.ActiveCfg = Debug|Any CPU
		{60E52058-21C2-44E9-B024-6EEBFE8F7C50}.Debug|Any CPU.Build.0 = Debug|Any CPU
		{60E52058-21C2-44E9-B024-6EEBFE8F7C50}.Release|Any CPU.ActiveCfg = Release|Any CPU
		{60E52058-21C2-44E9-B024-6EEBFE8F7C50}.Release|Any CPU.Build.0 = Release|Any CPU
		{A5D3156F-574E-4BAA-8BF6-237F82DB8AED}.Debug|Any CPU.ActiveCfg = Debug|Any CPU
		{A5D3156F-574E-4BAA-8BF6-237F82DB8AED}.Debug|Any CPU.Build.0 = Debug|Any CPU
		{A5D3156F-574E-4BAA-8BF6-237F82DB8AED}.Release|Any CPU.ActiveCfg = Release|Any CPU
		{A5D3156F-574E-4BAA-8BF6-237F82DB8AED}.Release|Any CPU.Build.0 = Release|Any CPU
	EndGlobalSection
	GlobalSection(SolutionProperties) = preSolution
		HideSolutionNode = FALSE
	EndGlobalSection
	GlobalSection(ExtensibilityGlobals) = postSolution
		SolutionGuid = {FDCCAD7D-E71C-4B4A-BBA0-FA05546E4B2F}
	EndGlobalSection
EndGlobal
