
Microsoft Visual Studio Solution File, Format Version 12.00
# Visual Studio Version 17
VisualStudioVersion = 17.4.33205.214
MinimumVisualStudioVersion = 10.0.40219.1
Project("{FAE04EC0-301F-11D3-BF4B-00C04F79EFBC}") = "1-Counter", "1-Counter\1-Counter.csproj", "{CCFD6E81-62B4-43D6-92B4-CBE62F71FBFB}"
EndProject
Global
	GlobalSection(SolutionConfigurationPlatforms) = preSolution
		Debug|Any CPU = Debug|Any CPU
		Release|Any CPU = Release|Any CPU
	EndGlobalSection
	GlobalSection(ProjectConfigurationPlatforms) = postSolution
		{CCFD6E81-62B4-43D6-92B4-CBE62F71FBFB}.Debug|Any CPU.ActiveCfg = Debug|Any CPU
		{CCFD6E81-62B4-43D6-92B4-CBE62F71FBFB}.Debug|Any CPU.Build.0 = Debug|Any CPU
		{CCFD6E81-62B4-43D6-92B4-CBE62F71FBFB}.Release|Any CPU.ActiveCfg = Release|Any CPU
		{CCFD6E81-62B4-43D6-92B4-CBE62F71FBFB}.Release|Any CPU.Build.0 = Release|Any CPU
	EndGlobalSection
	GlobalSection(SolutionProperties) = preSolution
		HideSolutionNode = FALSE
	EndGlobalSection
	GlobalSection(ExtensibilityGlobals) = postSolution
		SolutionGuid = {FDCCAD7D-E71C-4B4A-BBA0-FA05546E4B2F}
	EndGlobalSection
EndGlobal
